
Microsoft Visual Studio Solution File, Format Version 12.00
# Visual Studio Version 17
VisualStudioVersion = 17.1.32328.378
MinimumVisualStudioVersion = 10.0.40219.1
Project("{00D1A9C2-B5F0-4AF3-8072-F6C62B433612}") = "2022-02-11.Database", "2022-02-11.Database\2022-02-11.Database.sqlproj", "{AB670D62-9F34-401B-A64C-9061F9701326}"
EndProject
Project("{9A19103F-16F7-4668-BE54-9A1E7A4F7556}") = "2022-02-11.Entities", "2022-02-11.Entities\2022-02-11.Entities.csproj", "{6F8CA105-B7AE-41FE-9903-CDB3873EF5C3}"
EndProject
Project("{9A19103F-16F7-4668-BE54-9A1E7A4F7556}") = "2022-02-11.API", "2022-02-11.API\2022-02-11.API.csproj", "{0C766900-24E1-4C60-9AD0-9C9968D82E65}"
EndProject
Project("{FAE04EC0-301F-11D3-BF4B-00C04F79EFBC}") = "20220211.Identity", "20220211.Identity\20220211.Identity.csproj", "{32719CB5-C67B-4A5C-BFA2-C84A629B750D}"
EndProject
Global
	GlobalSection(SolutionConfigurationPlatforms) = preSolution
		Debug|Any CPU = Debug|Any CPU
		Release|Any CPU = Release|Any CPU
	EndGlobalSection
	GlobalSection(ProjectConfigurationPlatforms) = postSolution
		{AB670D62-9F34-401B-A64C-9061F9701326}.Debug|Any CPU.ActiveCfg = Debug|Any CPU
		{AB670D62-9F34-401B-A64C-9061F9701326}.Debug|Any CPU.Build.0 = Debug|Any CPU
		{AB670D62-9F34-401B-A64C-9061F9701326}.Debug|Any CPU.Deploy.0 = Debug|Any CPU
		{AB670D62-9F34-401B-A64C-9061F9701326}.Release|Any CPU.ActiveCfg = Release|Any CPU
		{AB670D62-9F34-401B-A64C-9061F9701326}.Release|Any CPU.Build.0 = Release|Any CPU
		{AB670D62-9F34-401B-A64C-9061F9701326}.Release|Any CPU.Deploy.0 = Release|Any CPU
		{6F8CA105-B7AE-41FE-9903-CDB3873EF5C3}.Debug|Any CPU.ActiveCfg = Debug|Any CPU
		{6F8CA105-B7AE-41FE-9903-CDB3873EF5C3}.Debug|Any CPU.Build.0 = Debug|Any CPU
		{6F8CA105-B7AE-41FE-9903-CDB3873EF5C3}.Release|Any CPU.ActiveCfg = Release|Any CPU
		{6F8CA105-B7AE-41FE-9903-CDB3873EF5C3}.Release|Any CPU.Build.0 = Release|Any CPU
		{0C766900-24E1-4C60-9AD0-9C9968D82E65}.Debug|Any CPU.ActiveCfg = Debug|Any CPU
		{0C766900-24E1-4C60-9AD0-9C9968D82E65}.Debug|Any CPU.Build.0 = Debug|Any CPU
		{0C766900-24E1-4C60-9AD0-9C9968D82E65}.Release|Any CPU.ActiveCfg = Release|Any CPU
		{0C766900-24E1-4C60-9AD0-9C9968D82E65}.Release|Any CPU.Build.0 = Release|Any CPU
		{32719CB5-C67B-4A5C-BFA2-C84A629B750D}.Debug|Any CPU.ActiveCfg = Debug|Any CPU
		{32719CB5-C67B-4A5C-BFA2-C84A629B750D}.Debug|Any CPU.Build.0 = Debug|Any CPU
		{32719CB5-C67B-4A5C-BFA2-C84A629B750D}.Release|Any CPU.ActiveCfg = Release|Any CPU
		{32719CB5-C67B-4A5C-BFA2-C84A629B750D}.Release|Any CPU.Build.0 = Release|Any CPU
	EndGlobalSection
	GlobalSection(SolutionProperties) = preSolution
		HideSolutionNode = FALSE
	EndGlobalSection
	GlobalSection(ExtensibilityGlobals) = postSolution
		SolutionGuid = {AC43467A-1642-4380-99BA-2E8C8100DE50}
	EndGlobalSection
EndGlobal
